
Microsoft Visual Studio Solution File, Format Version 12.00
# Visual Studio Version 17
VisualStudioVersion = 17.0.31903.59
MinimumVisualStudioVersion = 10.0.40219.1
Project("{2150E333-8FDC-42A3-9474-1A3956D46DE8}") = "day01", "day01", "{E7C08291-5975-4F77-BA54-06CAF8EC64EE}"
EndProject
Project("{FAE04EC0-301F-11D3-BF4B-00C04F79EFBC}") = "day01", "day01\day01\day01.csproj", "{DD750DA9-951E-4CF6-91A0-629B65FF6AD6}"
EndProject
Project("{FAE04EC0-301F-11D3-BF4B-00C04F79EFBC}") = "day01.test", "day01\day01.test\day01.test.csproj", "{5087F9F3-D6AC-450E-A075-67643266BC3B}"
EndProject
Project("{2150E333-8FDC-42A3-9474-1A3956D46DE8}") = "day02", "day02", "{8BB7FA2C-0E5C-4407-8773-BA9E970ACA11}"
EndProject
Project("{FAE04EC0-301F-11D3-BF4B-00C04F79EFBC}") = "day02", "day02\day02\day02.csproj", "{710A4F6C-FC52-4BD3-8163-62542C449B3D}"
EndProject
Project("{FAE04EC0-301F-11D3-BF4B-00C04F79EFBC}") = "day02.test", "day02\day02.test\day02.test.csproj", "{1A72FFD5-3B27-4C30-88A2-1CB2B8539288}"
EndProject
Project("{2150E333-8FDC-42A3-9474-1A3956D46DE8}") = "day03", "day03", "{40E8A91B-A6A7-45EF-9D32-28E7B78109A2}"
EndProject
Project("{FAE04EC0-301F-11D3-BF4B-00C04F79EFBC}") = "day03", "day03\day03\day03.csproj", "{7FF6971A-0B77-4E38-ADA3-4A2C07561A6B}"
EndProject
Project("{FAE04EC0-301F-11D3-BF4B-00C04F79EFBC}") = "day03.test", "day03\day03.test\day03.test.csproj", "{E592A289-1AFE-47D8-88CB-89B99DCBC33F}"
EndProject
Project("{2150E333-8FDC-42A3-9474-1A3956D46DE8}") = "day04", "day04", "{B697D39A-8F74-4F4F-8B11-118065033B21}"
EndProject
Project("{FAE04EC0-301F-11D3-BF4B-00C04F79EFBC}") = "day04", "day04\day04\day04.csproj", "{39F5BF2C-E541-498A-8305-6885DE7EB221}"
EndProject
Project("{FAE04EC0-301F-11D3-BF4B-00C04F79EFBC}") = "day04.test", "day04\day04.test\day04.test.csproj", "{67485CAC-49F6-4D25-9EC9-017447454C3B}"
EndProject
Project("{2150E333-8FDC-42A3-9474-1A3956D46DE8}") = "day05", "day05", "{C6F14DE8-E27C-4689-B289-B7FEB2E6342C}"
EndProject
Project("{FAE04EC0-301F-11D3-BF4B-00C04F79EFBC}") = "day05", "day05\day05\day05.csproj", "{5B859B2B-FE4D-4263-ADFA-6E89D4015AEE}"
EndProject
Project("{FAE04EC0-301F-11D3-BF4B-00C04F79EFBC}") = "day05.test", "day05\day05.test\day05.test.csproj", "{4BCB8665-5BBB-487B-B463-13474598E59D}"
EndProject
Project("{2150E333-8FDC-42A3-9474-1A3956D46DE8}") = "day06", "day06", "{CB650B2B-DA2F-4FC3-AE86-2CC9BDAE5812}"
EndProject
Project("{FAE04EC0-301F-11D3-BF4B-00C04F79EFBC}") = "day06", "day06\day06\day06.csproj", "{3C479404-BFF4-4416-9D72-D1628C98A7F4}"
EndProject
Project("{FAE04EC0-301F-11D3-BF4B-00C04F79EFBC}") = "day06.test", "day06\day06.test\day06.test.csproj", "{63C04643-D358-4346-9FC5-76177A1A85D0}"
EndProject
Project("{2150E333-8FDC-42A3-9474-1A3956D46DE8}") = "day07", "day07", "{A641F6D9-6528-4B22-8C47-635AD09EF1AF}"
EndProject
Project("{FAE04EC0-301F-11D3-BF4B-00C04F79EFBC}") = "day07", "day07\day07\day07.csproj", "{1E0D1E2E-4735-423A-8940-5A560F92B105}"
EndProject
Project("{FAE04EC0-301F-11D3-BF4B-00C04F79EFBC}") = "day07.test", "day07\day07.test\day07.test.csproj", "{B6C0B40B-16E4-497A-92A9-6589568DA54C}"
EndProject
Project("{2150E333-8FDC-42A3-9474-1A3956D46DE8}") = "day08", "day08", "{AC807DDB-75C0-4DCA-9568-26548D8360FE}"
EndProject
Project("{FAE04EC0-301F-11D3-BF4B-00C04F79EFBC}") = "day08", "day08\day08\day08.csproj", "{E9481EA8-3326-4D93-8D91-2E67354272F6}"
EndProject
Project("{FAE04EC0-301F-11D3-BF4B-00C04F79EFBC}") = "day08.test", "day08\day08.test\day08.test.csproj", "{6432958B-E03E-45DE-823E-95105010EEEC}"
EndProject
Project("{2150E333-8FDC-42A3-9474-1A3956D46DE8}") = "day09", "day09", "{D95CB972-5D41-49F9-BFEE-B48479AEEE85}"
EndProject
Project("{FAE04EC0-301F-11D3-BF4B-00C04F79EFBC}") = "day09", "day09\day09\day09.csproj", "{5B82691D-3404-42A8-90CF-C1FD96367370}"
EndProject
Project("{FAE04EC0-301F-11D3-BF4B-00C04F79EFBC}") = "day09.test", "day09\day09.test\day09.test.csproj", "{ADE5E4DC-8B14-46EC-8248-26C4DC3AD502}"
EndProject
Project("{2150E333-8FDC-42A3-9474-1A3956D46DE8}") = "day10", "day10", "{786D928F-5694-4460-9268-4B69864DB471}"
EndProject
Project("{FAE04EC0-301F-11D3-BF4B-00C04F79EFBC}") = "day10", "day10\day10\day10.csproj", "{BE0255E4-AE9A-4E0A-AB72-D83FED79E3E1}"
EndProject
Project("{FAE04EC0-301F-11D3-BF4B-00C04F79EFBC}") = "day10.test", "day10\day10.test\day10.test.csproj", "{A372B755-E329-4DFA-816D-DBE71A4FE679}"
EndProject
Project("{2150E333-8FDC-42A3-9474-1A3956D46DE8}") = "day11", "day11", "{97C51EF3-0E68-425A-8CBF-99784C1178A3}"
EndProject
Project("{FAE04EC0-301F-11D3-BF4B-00C04F79EFBC}") = "day11", "day11\day11\day11.csproj", "{EB1954CC-3093-44A0-9A0D-2F39A51A8846}"
EndProject
Project("{FAE04EC0-301F-11D3-BF4B-00C04F79EFBC}") = "day11.test", "day11\day11.test\day11.test.csproj", "{CE1E9940-66A1-4E06-BFA2-25F3988E3BEB}"
EndProject
Project("{2150E333-8FDC-42A3-9474-1A3956D46DE8}") = "day12", "day12", "{E9451070-74DE-47A3-978F-737711877891}"
EndProject
Project("{FAE04EC0-301F-11D3-BF4B-00C04F79EFBC}") = "day12", "day12\day12\day12.csproj", "{404DAE0A-17CE-4049-B276-F1695B7114B3}"
EndProject
Project("{FAE04EC0-301F-11D3-BF4B-00C04F79EFBC}") = "day12.test", "day12\day12.test\day12.test.csproj", "{FB67BE8B-09DA-497F-868E-AC1729C7BF96}"
EndProject
Project("{2150E333-8FDC-42A3-9474-1A3956D46DE8}") = "day13", "day13", "{07E3D4B8-F361-4467-B27C-42B6D5427988}"
EndProject
Project("{FAE04EC0-301F-11D3-BF4B-00C04F79EFBC}") = "day13", "day13\day13\day13.csproj", "{2F22755A-64F6-4281-8DA6-8F00871FC9EF}"
EndProject
Project("{FAE04EC0-301F-11D3-BF4B-00C04F79EFBC}") = "day13.test", "day13\day13.test\day13.test.csproj", "{A7209996-5CB1-4D1F-AFC4-F50EE465FD98}"
EndProject
Project("{2150E333-8FDC-42A3-9474-1A3956D46DE8}") = "day14", "day14", "{94CABFE2-1106-44CA-9722-54E3C2A77F21}"
EndProject
Project("{FAE04EC0-301F-11D3-BF4B-00C04F79EFBC}") = "day14", "day14\day14\day14.csproj", "{8DF3A058-7F98-4F2F-9601-32BE3312857C}"
EndProject
Project("{FAE04EC0-301F-11D3-BF4B-00C04F79EFBC}") = "day14.test", "day14\day14.test\day14.test.csproj", "{82F6593B-3354-4246-B18E-B25A9DDEDBCC}"
EndProject
Global
	GlobalSection(SolutionConfigurationPlatforms) = preSolution
		Debug|Any CPU = Debug|Any CPU
		Release|Any CPU = Release|Any CPU
	EndGlobalSection
	GlobalSection(SolutionProperties) = preSolution
		HideSolutionNode = FALSE
	EndGlobalSection
	GlobalSection(ProjectConfigurationPlatforms) = postSolution
		{DD750DA9-951E-4CF6-91A0-629B65FF6AD6}.Debug|Any CPU.ActiveCfg = Debug|Any CPU
		{DD750DA9-951E-4CF6-91A0-629B65FF6AD6}.Debug|Any CPU.Build.0 = Debug|Any CPU
		{DD750DA9-951E-4CF6-91A0-629B65FF6AD6}.Release|Any CPU.ActiveCfg = Release|Any CPU
		{DD750DA9-951E-4CF6-91A0-629B65FF6AD6}.Release|Any CPU.Build.0 = Release|Any CPU
		{5087F9F3-D6AC-450E-A075-67643266BC3B}.Debug|Any CPU.ActiveCfg = Debug|Any CPU
		{5087F9F3-D6AC-450E-A075-67643266BC3B}.Debug|Any CPU.Build.0 = Debug|Any CPU
		{5087F9F3-D6AC-450E-A075-67643266BC3B}.Release|Any CPU.ActiveCfg = Release|Any CPU
		{5087F9F3-D6AC-450E-A075-67643266BC3B}.Release|Any CPU.Build.0 = Release|Any CPU
		{710A4F6C-FC52-4BD3-8163-62542C449B3D}.Debug|Any CPU.ActiveCfg = Debug|Any CPU
		{710A4F6C-FC52-4BD3-8163-62542C449B3D}.Debug|Any CPU.Build.0 = Debug|Any CPU
		{710A4F6C-FC52-4BD3-8163-62542C449B3D}.Release|Any CPU.ActiveCfg = Release|Any CPU
		{710A4F6C-FC52-4BD3-8163-62542C449B3D}.Release|Any CPU.Build.0 = Release|Any CPU
		{1A72FFD5-3B27-4C30-88A2-1CB2B8539288}.Debug|Any CPU.ActiveCfg = Debug|Any CPU
		{1A72FFD5-3B27-4C30-88A2-1CB2B8539288}.Debug|Any CPU.Build.0 = Debug|Any CPU
		{1A72FFD5-3B27-4C30-88A2-1CB2B8539288}.Release|Any CPU.ActiveCfg = Release|Any CPU
		{1A72FFD5-3B27-4C30-88A2-1CB2B8539288}.Release|Any CPU.Build.0 = Release|Any CPU
		{7FF6971A-0B77-4E38-ADA3-4A2C07561A6B}.Debug|Any CPU.ActiveCfg = Debug|Any CPU
		{7FF6971A-0B77-4E38-ADA3-4A2C07561A6B}.Debug|Any CPU.Build.0 = Debug|Any CPU
		{7FF6971A-0B77-4E38-ADA3-4A2C07561A6B}.Release|Any CPU.ActiveCfg = Release|Any CPU
		{7FF6971A-0B77-4E38-ADA3-4A2C07561A6B}.Release|Any CPU.Build.0 = Release|Any CPU
		{E592A289-1AFE-47D8-88CB-89B99DCBC33F}.Debug|Any CPU.ActiveCfg = Debug|Any CPU
		{E592A289-1AFE-47D8-88CB-89B99DCBC33F}.Debug|Any CPU.Build.0 = Debug|Any CPU
		{E592A289-1AFE-47D8-88CB-89B99DCBC33F}.Release|Any CPU.ActiveCfg = Release|Any CPU
		{E592A289-1AFE-47D8-88CB-89B99DCBC33F}.Release|Any CPU.Build.0 = Release|Any CPU
		{39F5BF2C-E541-498A-8305-6885DE7EB221}.Debug|Any CPU.ActiveCfg = Debug|Any CPU
		{39F5BF2C-E541-498A-8305-6885DE7EB221}.Debug|Any CPU.Build.0 = Debug|Any CPU
		{39F5BF2C-E541-498A-8305-6885DE7EB221}.Release|Any CPU.ActiveCfg = Release|Any CPU
		{39F5BF2C-E541-498A-8305-6885DE7EB221}.Release|Any CPU.Build.0 = Release|Any CPU
		{67485CAC-49F6-4D25-9EC9-017447454C3B}.Debug|Any CPU.ActiveCfg = Debug|Any CPU
		{67485CAC-49F6-4D25-9EC9-017447454C3B}.Debug|Any CPU.Build.0 = Debug|Any CPU
		{67485CAC-49F6-4D25-9EC9-017447454C3B}.Release|Any CPU.ActiveCfg = Release|Any CPU
		{67485CAC-49F6-4D25-9EC9-017447454C3B}.Release|Any CPU.Build.0 = Release|Any CPU
		{5B859B2B-FE4D-4263-ADFA-6E89D4015AEE}.Debug|Any CPU.ActiveCfg = Debug|Any CPU
		{5B859B2B-FE4D-4263-ADFA-6E89D4015AEE}.Debug|Any CPU.Build.0 = Debug|Any CPU
		{5B859B2B-FE4D-4263-ADFA-6E89D4015AEE}.Release|Any CPU.ActiveCfg = Release|Any CPU
		{5B859B2B-FE4D-4263-ADFA-6E89D4015AEE}.Release|Any CPU.Build.0 = Release|Any CPU
		{4BCB8665-5BBB-487B-B463-13474598E59D}.Debug|Any CPU.ActiveCfg = Debug|Any CPU
		{4BCB8665-5BBB-487B-B463-13474598E59D}.Debug|Any CPU.Build.0 = Debug|Any CPU
		{4BCB8665-5BBB-487B-B463-13474598E59D}.Release|Any CPU.ActiveCfg = Release|Any CPU
		{4BCB8665-5BBB-487B-B463-13474598E59D}.Release|Any CPU.Build.0 = Release|Any CPU
		{3C479404-BFF4-4416-9D72-D1628C98A7F4}.Debug|Any CPU.ActiveCfg = Debug|Any CPU
		{3C479404-BFF4-4416-9D72-D1628C98A7F4}.Debug|Any CPU.Build.0 = Debug|Any CPU
		{3C479404-BFF4-4416-9D72-D1628C98A7F4}.Release|Any CPU.ActiveCfg = Release|Any CPU
		{3C479404-BFF4-4416-9D72-D1628C98A7F4}.Release|Any CPU.Build.0 = Release|Any CPU
		{63C04643-D358-4346-9FC5-76177A1A85D0}.Debug|Any CPU.ActiveCfg = Debug|Any CPU
		{63C04643-D358-4346-9FC5-76177A1A85D0}.Debug|Any CPU.Build.0 = Debug|Any CPU
		{63C04643-D358-4346-9FC5-76177A1A85D0}.Release|Any CPU.ActiveCfg = Release|Any CPU
		{63C04643-D358-4346-9FC5-76177A1A85D0}.Release|Any CPU.Build.0 = Release|Any CPU
		{1E0D1E2E-4735-423A-8940-5A560F92B105}.Debug|Any CPU.ActiveCfg = Debug|Any CPU
		{1E0D1E2E-4735-423A-8940-5A560F92B105}.Debug|Any CPU.Build.0 = Debug|Any CPU
		{1E0D1E2E-4735-423A-8940-5A560F92B105}.Release|Any CPU.ActiveCfg = Release|Any CPU
		{1E0D1E2E-4735-423A-8940-5A560F92B105}.Release|Any CPU.Build.0 = Release|Any CPU
		{B6C0B40B-16E4-497A-92A9-6589568DA54C}.Debug|Any CPU.ActiveCfg = Debug|Any CPU
		{B6C0B40B-16E4-497A-92A9-6589568DA54C}.Debug|Any CPU.Build.0 = Debug|Any CPU
		{B6C0B40B-16E4-497A-92A9-6589568DA54C}.Release|Any CPU.ActiveCfg = Release|Any CPU
		{B6C0B40B-16E4-497A-92A9-6589568DA54C}.Release|Any CPU.Build.0 = Release|Any CPU
		{E9481EA8-3326-4D93-8D91-2E67354272F6}.Debug|Any CPU.ActiveCfg = Debug|Any CPU
		{E9481EA8-3326-4D93-8D91-2E67354272F6}.Debug|Any CPU.Build.0 = Debug|Any CPU
		{E9481EA8-3326-4D93-8D91-2E67354272F6}.Release|Any CPU.ActiveCfg = Release|Any CPU
		{E9481EA8-3326-4D93-8D91-2E67354272F6}.Release|Any CPU.Build.0 = Release|Any CPU
		{6432958B-E03E-45DE-823E-95105010EEEC}.Debug|Any CPU.ActiveCfg = Debug|Any CPU
		{6432958B-E03E-45DE-823E-95105010EEEC}.Debug|Any CPU.Build.0 = Debug|Any CPU
		{6432958B-E03E-45DE-823E-95105010EEEC}.Release|Any CPU.ActiveCfg = Release|Any CPU
		{6432958B-E03E-45DE-823E-95105010EEEC}.Release|Any CPU.Build.0 = Release|Any CPU
		{5B82691D-3404-42A8-90CF-C1FD96367370}.Debug|Any CPU.ActiveCfg = Debug|Any CPU
		{5B82691D-3404-42A8-90CF-C1FD96367370}.Debug|Any CPU.Build.0 = Debug|Any CPU
		{5B82691D-3404-42A8-90CF-C1FD96367370}.Release|Any CPU.ActiveCfg = Release|Any CPU
		{5B82691D-3404-42A8-90CF-C1FD96367370}.Release|Any CPU.Build.0 = Release|Any CPU
		{ADE5E4DC-8B14-46EC-8248-26C4DC3AD502}.Debug|Any CPU.ActiveCfg = Debug|Any CPU
		{ADE5E4DC-8B14-46EC-8248-26C4DC3AD502}.Debug|Any CPU.Build.0 = Debug|Any CPU
		{ADE5E4DC-8B14-46EC-8248-26C4DC3AD502}.Release|Any CPU.ActiveCfg = Release|Any CPU
		{ADE5E4DC-8B14-46EC-8248-26C4DC3AD502}.Release|Any CPU.Build.0 = Release|Any CPU
		{BE0255E4-AE9A-4E0A-AB72-D83FED79E3E1}.Debug|Any CPU.ActiveCfg = Debug|Any CPU
		{BE0255E4-AE9A-4E0A-AB72-D83FED79E3E1}.Debug|Any CPU.Build.0 = Debug|Any CPU
		{BE0255E4-AE9A-4E0A-AB72-D83FED79E3E1}.Release|Any CPU.ActiveCfg = Release|Any CPU
		{BE0255E4-AE9A-4E0A-AB72-D83FED79E3E1}.Release|Any CPU.Build.0 = Release|Any CPU
		{A372B755-E329-4DFA-816D-DBE71A4FE679}.Debug|Any CPU.ActiveCfg = Debug|Any CPU
		{A372B755-E329-4DFA-816D-DBE71A4FE679}.Debug|Any CPU.Build.0 = Debug|Any CPU
		{A372B755-E329-4DFA-816D-DBE71A4FE679}.Release|Any CPU.ActiveCfg = Release|Any CPU
		{A372B755-E329-4DFA-816D-DBE71A4FE679}.Release|Any CPU.Build.0 = Release|Any CPU
		{EB1954CC-3093-44A0-9A0D-2F39A51A8846}.Debug|Any CPU.ActiveCfg = Debug|Any CPU
		{EB1954CC-3093-44A0-9A0D-2F39A51A8846}.Debug|Any CPU.Build.0 = Debug|Any CPU
		{EB1954CC-3093-44A0-9A0D-2F39A51A8846}.Release|Any CPU.ActiveCfg = Release|Any CPU
		{EB1954CC-3093-44A0-9A0D-2F39A51A8846}.Release|Any CPU.Build.0 = Release|Any CPU
		{CE1E9940-66A1-4E06-BFA2-25F3988E3BEB}.Debug|Any CPU.ActiveCfg = Debug|Any CPU
		{CE1E9940-66A1-4E06-BFA2-25F3988E3BEB}.Debug|Any CPU.Build.0 = Debug|Any CPU
		{CE1E9940-66A1-4E06-BFA2-25F3988E3BEB}.Release|Any CPU.ActiveCfg = Release|Any CPU
		{CE1E9940-66A1-4E06-BFA2-25F3988E3BEB}.Release|Any CPU.Build.0 = Release|Any CPU
		{404DAE0A-17CE-4049-B276-F1695B7114B3}.Debug|Any CPU.ActiveCfg = Debug|Any CPU
		{404DAE0A-17CE-4049-B276-F1695B7114B3}.Debug|Any CPU.Build.0 = Debug|Any CPU
		{404DAE0A-17CE-4049-B276-F1695B7114B3}.Release|Any CPU.ActiveCfg = Release|Any CPU
		{404DAE0A-17CE-4049-B276-F1695B7114B3}.Release|Any CPU.Build.0 = Release|Any CPU
		{FB67BE8B-09DA-497F-868E-AC1729C7BF96}.Debug|Any CPU.ActiveCfg = Debug|Any CPU
		{FB67BE8B-09DA-497F-868E-AC1729C7BF96}.Debug|Any CPU.Build.0 = Debug|Any CPU
		{FB67BE8B-09DA-497F-868E-AC1729C7BF96}.Release|Any CPU.ActiveCfg = Release|Any CPU
		{FB67BE8B-09DA-497F-868E-AC1729C7BF96}.Release|Any CPU.Build.0 = Release|Any CPU
		{2F22755A-64F6-4281-8DA6-8F00871FC9EF}.Debug|Any CPU.ActiveCfg = Debug|Any CPU
		{2F22755A-64F6-4281-8DA6-8F00871FC9EF}.Debug|Any CPU.Build.0 = Debug|Any CPU
		{2F22755A-64F6-4281-8DA6-8F00871FC9EF}.Release|Any CPU.ActiveCfg = Release|Any CPU
		{2F22755A-64F6-4281-8DA6-8F00871FC9EF}.Release|Any CPU.Build.0 = Release|Any CPU
		{A7209996-5CB1-4D1F-AFC4-F50EE465FD98}.Debug|Any CPU.ActiveCfg = Debug|Any CPU
		{A7209996-5CB1-4D1F-AFC4-F50EE465FD98}.Debug|Any CPU.Build.0 = Debug|Any CPU
		{A7209996-5CB1-4D1F-AFC4-F50EE465FD98}.Release|Any CPU.ActiveCfg = Release|Any CPU
		{A7209996-5CB1-4D1F-AFC4-F50EE465FD98}.Release|Any CPU.Build.0 = Release|Any CPU
		{8DF3A058-7F98-4F2F-9601-32BE3312857C}.Debug|Any CPU.ActiveCfg = Debug|Any CPU
		{8DF3A058-7F98-4F2F-9601-32BE3312857C}.Debug|Any CPU.Build.0 = Debug|Any CPU
		{8DF3A058-7F98-4F2F-9601-32BE3312857C}.Release|Any CPU.ActiveCfg = Release|Any CPU
		{8DF3A058-7F98-4F2F-9601-32BE3312857C}.Release|Any CPU.Build.0 = Release|Any CPU
		{82F6593B-3354-4246-B18E-B25A9DDEDBCC}.Debug|Any CPU.ActiveCfg = Debug|Any CPU
		{82F6593B-3354-4246-B18E-B25A9DDEDBCC}.Debug|Any CPU.Build.0 = Debug|Any CPU
		{82F6593B-3354-4246-B18E-B25A9DDEDBCC}.Release|Any CPU.ActiveCfg = Release|Any CPU
		{82F6593B-3354-4246-B18E-B25A9DDEDBCC}.Release|Any CPU.Build.0 = Release|Any CPU
	EndGlobalSection
	GlobalSection(NestedProjects) = preSolution
		{DD750DA9-951E-4CF6-91A0-629B65FF6AD6} = {E7C08291-5975-4F77-BA54-06CAF8EC64EE}
		{5087F9F3-D6AC-450E-A075-67643266BC3B} = {E7C08291-5975-4F77-BA54-06CAF8EC64EE}
		{710A4F6C-FC52-4BD3-8163-62542C449B3D} = {8BB7FA2C-0E5C-4407-8773-BA9E970ACA11}
		{1A72FFD5-3B27-4C30-88A2-1CB2B8539288} = {8BB7FA2C-0E5C-4407-8773-BA9E970ACA11}
		{7FF6971A-0B77-4E38-ADA3-4A2C07561A6B} = {40E8A91B-A6A7-45EF-9D32-28E7B78109A2}
		{E592A289-1AFE-47D8-88CB-89B99DCBC33F} = {40E8A91B-A6A7-45EF-9D32-28E7B78109A2}
		{39F5BF2C-E541-498A-8305-6885DE7EB221} = {B697D39A-8F74-4F4F-8B11-118065033B21}
		{67485CAC-49F6-4D25-9EC9-017447454C3B} = {B697D39A-8F74-4F4F-8B11-118065033B21}
		{5B859B2B-FE4D-4263-ADFA-6E89D4015AEE} = {C6F14DE8-E27C-4689-B289-B7FEB2E6342C}
		{4BCB8665-5BBB-487B-B463-13474598E59D} = {C6F14DE8-E27C-4689-B289-B7FEB2E6342C}
		{3C479404-BFF4-4416-9D72-D1628C98A7F4} = {CB650B2B-DA2F-4FC3-AE86-2CC9BDAE5812}
		{63C04643-D358-4346-9FC5-76177A1A85D0} = {CB650B2B-DA2F-4FC3-AE86-2CC9BDAE5812}
		{1E0D1E2E-4735-423A-8940-5A560F92B105} = {A641F6D9-6528-4B22-8C47-635AD09EF1AF}
		{B6C0B40B-16E4-497A-92A9-6589568DA54C} = {A641F6D9-6528-4B22-8C47-635AD09EF1AF}
		{E9481EA8-3326-4D93-8D91-2E67354272F6} = {AC807DDB-75C0-4DCA-9568-26548D8360FE}
		{6432958B-E03E-45DE-823E-95105010EEEC} = {AC807DDB-75C0-4DCA-9568-26548D8360FE}
		{5B82691D-3404-42A8-90CF-C1FD96367370} = {D95CB972-5D41-49F9-BFEE-B48479AEEE85}
		{ADE5E4DC-8B14-46EC-8248-26C4DC3AD502} = {D95CB972-5D41-49F9-BFEE-B48479AEEE85}
		{BE0255E4-AE9A-4E0A-AB72-D83FED79E3E1} = {786D928F-5694-4460-9268-4B69864DB471}
		{A372B755-E329-4DFA-816D-DBE71A4FE679} = {786D928F-5694-4460-9268-4B69864DB471}
		{EB1954CC-3093-44A0-9A0D-2F39A51A8846} = {97C51EF3-0E68-425A-8CBF-99784C1178A3}
		{CE1E9940-66A1-4E06-BFA2-25F3988E3BEB} = {97C51EF3-0E68-425A-8CBF-99784C1178A3}
		{404DAE0A-17CE-4049-B276-F1695B7114B3} = {E9451070-74DE-47A3-978F-737711877891}
		{FB67BE8B-09DA-497F-868E-AC1729C7BF96} = {E9451070-74DE-47A3-978F-737711877891}
		{2F22755A-64F6-4281-8DA6-8F00871FC9EF} = {07E3D4B8-F361-4467-B27C-42B6D5427988}
		{A7209996-5CB1-4D1F-AFC4-F50EE465FD98} = {07E3D4B8-F361-4467-B27C-42B6D5427988}
		{8DF3A058-7F98-4F2F-9601-32BE3312857C} = {94CABFE2-1106-44CA-9722-54E3C2A77F21}
		{82F6593B-3354-4246-B18E-B25A9DDEDBCC} = {94CABFE2-1106-44CA-9722-54E3C2A77F21}
	EndGlobalSection
EndGlobal
